
Microsoft Visual Studio Solution File, Format Version 12.00
# Visual Studio Version 17
VisualStudioVersion = 17.5.33530.505
MinimumVisualStudioVersion = 10.0.40219.1
Project("{9A19103F-16F7-4668-BE54-9A1E7A4F7556}") = "POCOToSQL", "POCOToSQL\POCOToSQL.csproj", "{111E4E7D-1DE5-4872-962A-AEC1B237CD3E}"
EndProject
Project("{FAE04EC0-301F-11D3-BF4B-00C04F79EFBC}") = "Generator", "Generator\Generator.csproj", "{B352FB27-1775-4359-9811-7F4763B2CAAE}"
EndProject
Global
	GlobalSection(SolutionConfigurationPlatforms) = preSolution
		Debug|Any CPU = Debug|Any CPU
		Release|Any CPU = Release|Any CPU
	EndGlobalSection
	GlobalSection(ProjectConfigurationPlatforms) = postSolution
		{111E4E7D-1DE5-4872-962A-AEC1B237CD3E}.Debug|Any CPU.ActiveCfg = Debug|Any CPU
		{111E4E7D-1DE5-4872-962A-AEC1B237CD3E}.Debug|Any CPU.Build.0 = Debug|Any CPU
		{111E4E7D-1DE5-4872-962A-AEC1B237CD3E}.Release|Any CPU.ActiveCfg = Release|Any CPU
		{111E4E7D-1DE5-4872-962A-AEC1B237CD3E}.Release|Any CPU.Build.0 = Release|Any CPU
		{B352FB27-1775-4359-9811-7F4763B2CAAE}.Debug|Any CPU.ActiveCfg = Debug|Any CPU
		{B352FB27-1775-4359-9811-7F4763B2CAAE}.Debug|Any CPU.Build.0 = Debug|Any CPU
		{B352FB27-1775-4359-9811-7F4763B2CAAE}.Release|Any CPU.ActiveCfg = Release|Any CPU
		{B352FB27-1775-4359-9811-7F4763B2CAAE}.Release|Any CPU.Build.0 = Release|Any CPU
	EndGlobalSection
	GlobalSection(SolutionProperties) = preSolution
		HideSolutionNode = FALSE
	EndGlobalSection
	GlobalSection(ExtensibilityGlobals) = postSolution
		SolutionGuid = {02034BAC-02F8-4783-B22A-5B4213F7B096}
	EndGlobalSection
EndGlobal
